
Microsoft Visual Studio Solution File, Format Version 12.00
# Visual Studio 15
VisualStudioVersion = 15.0.26730.12
MinimumVisualStudioVersion = 10.0.40219.1
Project("{8BC9CEB8-8B4A-11D0-8D11-00A0C91BC942}") = "gmux", "gmux\gmux.vcxproj", "{207A9203-1273-449D-8972-C5BF0FC8F728}"
EndProject
Global
	GlobalSection(SolutionConfigurationPlatforms) = preSolution
		Debug|x64 = Debug|x64
		Debug|x86 = Debug|x86
		Release|x64 = Release|x64
		Release|x86 = Release|x86
	EndGlobalSection
	GlobalSection(ProjectConfigurationPlatforms) = postSolution
		{207A9203-1273-449D-8972-C5BF0FC8F728}.Debug|x64.ActiveCfg = Debug|x64
		{207A9203-1273-449D-8972-C5BF0FC8F728}.Debug|x64.Build.0 = Debug|x64
		{207A9203-1273-449D-8972-C5BF0FC8F728}.Debug|x86.ActiveCfg = Debug|Win32
		{207A9203-1273-449D-8972-C5BF0FC8F728}.Debug|x86.Build.0 = Debug|Win32
		{207A9203-1273-449D-8972-C5BF0FC8F728}.Release|x64.ActiveCfg = Release|x64
		{207A9203-1273-449D-8972-C5BF0FC8F728}.Release|x64.Build.0 = Release|x64
		{207A9203-1273-449D-8972-C5BF0FC8F728}.Release|x86.ActiveCfg = Release|Win32
		{207A9203-1273-449D-8972-C5BF0FC8F728}.Release|x86.Build.0 = Release|Win32
	EndGlobalSection
	GlobalSection(SolutionProperties) = preSolution
		HideSolutionNode = FALSE
	EndGlobalSection
	GlobalSection(ExtensibilityGlobals) = postSolution
		SolutionGuid = {30338612-F053-4996-8BD4-C658D0E38E3A}
	EndGlobalSection
EndGlobal
